version = 1
revision = 3
requires-python = ">=3.13"

[[package]]
name = "click"
version = "8.3.1"
source = { registry = "https://pypi.org/simple" }
dependencies = [
    { name = "colorama", marker = "sys_platform == 'win32'" },
]
sdist = { url = "https://files.pythonhosted.org/packages/3d/fa/656b739db8587d7b5dfa22e22ed02566950fbfbcdc20311993483657a5c0/click-8.3.1.tar.gz", hash = "sha256:12ff4785d337a1bb490bb7e9c2b1ee5da3112e94a8622f26a6c77f5d2fc6842a", size = 295065, upload-time = "2025-11-15T20:45:42.706Z" }
wheels = [
    { url = "https://files.pythonhosted.org/packages/98/78/01c019cdb5d6498122777c1a43056ebb3ebfeef2076d9d026bfe15583b2b/click-8.3.1-py3-none-any.whl", hash = "sha256:981153a64e25f12d547d3426c367a4857371575ee7ad18df2a6183ab0545b2a6", size = 108274, upload-time = "2025-11-15T20:45:41.139Z" },
]

[[package]]
name = "cms"
version = "0.1.0"
source = { editable = "." }
dependencies = [
    { name = "duckdb" },
    { name = "rich" },
    { name = "typer" },
]

[package.metadata]
requires-dist = [
    { name = "duckdb", specifier = ">=1.4.4" },
    { name = "rich", specifier = ">=14.3.2" },
    { name = "typer", specifier = ">=0.21.1" },
]

[[package]]
name = "colorama"
version = "0.4.6"
source = { registry = "https://pypi.org/simple" }
sdist = { url = "https://files.pythonhosted.org/packages/d8/53/6f443c9a4a8358a93a6792e2acffb9d9d5cb0a5cfd8802644b7b1c9a02e4/colorama-0.4.6.tar.gz", hash = "sha256:08695f5cb7ed6e0531a20572697297273c47b8cae5a63ffc6d6ed5c201be6e44", size = 27697, upload-time = "2022-10-25T02:36:22.414Z" }
wheels = [
    { url = "https://files.pythonhosted.org/packages/d1/d6/3965ed04c63042e047cb6a3e6ed1a63a35087b6a609aa3a15ed8ac56c221/colorama-0.4.6-py2.py3-none-any.whl", hash = "sha256:4f1d9991f5acc0ca119f9d443620b77f9d6b33703e51011c16baf57afb285fc6", size = 25335, upload-time = "2022-10-25T02:36:20.889Z" },
]

[[package]]
name = "duckdb"
version = "1.4.4"
source = { registry = "https://pypi.org/simple" }
sdist = { url = "https://files.pythonhosted.org/packages/36/9d/ab66a06e416d71b7bdcb9904cdf8d4db3379ef632bb8e9495646702d9718/duckdb-1.4.4.tar.gz", hash = "sha256:8bba52fd2acb67668a4615ee17ee51814124223de836d9e2fdcbc4c9021b3d3c", size = 18419763, upload-time = "2026-01-26T11:50:37.68Z" }
wheels = [
    { url = "https://files.pythonhosted.org/packages/7f/fe/64810fee20030f2bf96ce28b527060564864ce5b934b50888eda2cbf99dd/duckdb-1.4.4-cp313-cp313-macosx_10_13_universal2.whl", hash = "sha256:337f8b24e89bc2e12dadcfe87b4eb1c00fd920f68ab07bc9b70960d6523b8bc3", size = 28899349, upload-time = "2026-01-26T11:49:40.294Z" },
    { url = "https://files.pythonhosted.org/packages/9c/9b/3c7c5e48456b69365d952ac201666053de2700f5b0144a699a4dc6854507/duckdb-1.4.4-cp313-cp313-macosx_10_13_x86_64.whl", hash = "sha256:0509b39ea7af8cff0198a99d206dca753c62844adab54e545984c2e2c1381616", size = 15350691, upload-time = "2026-01-26T11:49:43.242Z" },
    { url = "https://files.pythonhosted.org/packages/a6/7b/64e68a7b857ed0340045501535a0da99ea5d9d5ea3708fec0afb8663eb27/duckdb-1.4.4-cp313-cp313-macosx_11_0_arm64.whl", hash = "sha256:fb94de6d023de9d79b7edc1ae07ee1d0b4f5fa8a9dcec799650b5befdf7aafec", size = 13672311, upload-time = "2026-01-26T11:49:46.069Z" },
    { url = "https://files.pythonhosted.org/packages/09/5b/3e7aa490841784d223de61beb2ae64e82331501bf5a415dc87a0e27b4663/duckdb-1.4.4-cp313-cp313-manylinux_2_26_aarch64.manylinux_2_28_aarch64.whl", hash = "sha256:0d636ceda422e7babd5e2f7275f6a0d1a3405e6a01873f00d38b72118d30c10b", size = 18422740, upload-time = "2026-01-26T11:49:49.034Z" },
    { url = "https://files.pythonhosted.org/packages/53/32/256df3dbaa198c58539ad94f9a41e98c2c8ff23f126b8f5f52c7dcd0a738/duckdb-1.4.4-cp313-cp313-manylinux_2_26_x86_64.manylinux_2_28_x86_64.whl", hash = "sha256:7df7351328ffb812a4a289732f500d621e7de9942a3a2c9b6d4afcf4c0e72526", size = 20435578, upload-time = "2026-01-26T11:49:51.946Z" },
    { url = "https://files.pythonhosted.org/packages/a4/f0/620323fd87062ea43e527a2d5ed9e55b525e0847c17d3b307094ddab98a2/duckdb-1.4.4-cp313-cp313-win_amd64.whl", hash = "sha256:6fb1225a9ea5877421481d59a6c556a9532c32c16c7ae6ca8d127e2b878c9389", size = 12268083, upload-time = "2026-01-26T11:49:54.615Z" },
    { url = "https://files.pythonhosted.org/packages/e5/07/a397fdb7c95388ba9c055b9a3d38dfee92093f4427bc6946cf9543b1d216/duckdb-1.4.4-cp313-cp313-win_arm64.whl", hash = "sha256:f28a18cc790217e5b347bb91b2cab27aafc557c58d3d8382e04b4fe55d0c3f66", size = 13006123, upload-time = "2026-01-26T11:49:57.092Z" },
    { url = "https://files.pythonhosted.org/packages/97/a6/f19e2864e651b0bd8e4db2b0c455e7e0d71e0d4cd2cd9cc052f518e43eb3/duckdb-1.4.4-cp314-cp314-macosx_10_15_universal2.whl", hash = "sha256:25874f8b1355e96178079e37312c3ba6d61a2354f51319dae860cf21335c3a20", size = 28909554, upload-time = "2026-01-26T11:50:00.107Z" },
    { url = "https://files.pythonhosted.org/packages/0e/93/8a24e932c67414fd2c45bed83218e62b73348996bf859eda020c224774b2/duckdb-1.4.4-cp314-cp314-macosx_10_15_x86_64.whl", hash = "sha256:452c5b5d6c349dc5d1154eb2062ee547296fcbd0c20e9df1ed00b5e1809089da", size = 15353804, upload-time = "2026-01-26T11:50:03.382Z" },
    { url = "https://files.pythonhosted.org/packages/62/13/e5378ff5bb1d4397655d840b34b642b1b23cdd82ae19599e62dc4b9461c9/duckdb-1.4.4-cp314-cp314-macosx_11_0_arm64.whl", hash = "sha256:8e5c2d8a0452df55e092959c0bfc8ab8897ac3ea0f754cb3b0ab3e165cd79aff", size = 13676157, upload-time = "2026-01-26T11:50:06.232Z" },
    { url = "https://files.pythonhosted.org/packages/2d/94/24364da564b27aeebe44481f15bd0197a0b535ec93f188a6b1b98c22f082/duckdb-1.4.4-cp314-cp314-manylinux_2_26_aarch64.manylinux_2_28_aarch64.whl", hash = "sha256:1af6e76fe8bd24875dc56dd8e38300d64dc708cd2e772f67b9fbc635cc3066a3", size = 18426882, upload-time = "2026-01-26T11:50:08.97Z" },
    { url = "https://files.pythonhosted.org/packages/26/0a/6ae31b2914b4dc34243279b2301554bcbc5f1a09ccc82600486c49ab71d1/duckdb-1.4.4-cp314-cp314-manylinux_2_26_x86_64.manylinux_2_28_x86_64.whl", hash = "sha256:d0440f59e0cd9936a9ebfcf7a13312eda480c79214ffed3878d75947fc3b7d6d", size = 20435641, upload-time = "2026-01-26T11:50:12.188Z" },
    { url = "https://files.pythonhosted.org/packages/d2/b1/fd5c37c53d45efe979f67e9bd49aaceef640147bb18f0699a19edd1874d6/duckdb-1.4.4-cp314-cp314-win_amd64.whl", hash = "sha256:59c8d76016dde854beab844935b1ec31de358d4053e792988108e995b18c08e7", size = 12762360, upload-time = "2026-01-26T11:50:14.76Z" },
    { url = "https://files.pythonhosted.org/packages/dd/2d/13e6024e613679d8a489dd922f199ef4b1d08a456a58eadd96dc2f05171f/duckdb-1.4.4-cp314-cp314-win_arm64.whl", hash = "sha256:53cd6423136ab44383ec9955aefe7599b3fb3dd1fe006161e6396d8167e0e0d4", size = 13458633, upload-time = "2026-01-26T11:50:17.657Z" },
]

[[package]]
name = "markdown-it-py"
version = "4.0.0"
source = { registry = "https://pypi.org/simple" }
dependencies = [
    { name = "mdurl" },
]
sdist = { url = "https://files.pythonhosted.org/packages/5b/f5/4ec618ed16cc4f8fb3b701563655a69816155e79e24a17b651541804721d/markdown_it_py-4.0.0.tar.gz", hash = "sha256:cb0a2b4aa34f932c007117b194e945bd74e0ec24133ceb5bac59009cda1cb9f3", size = 73070, upload-time = "2025-08-11T12:57:52.854Z" }
wheels = [
    { url = "https://files.pythonhosted.org/packages/94/54/e7d793b573f298e1c9013b8c4dade17d481164aa517d1d7148619c2cedbf/markdown_it_py-4.0.0-py3-none-any.whl", hash = "sha256:87327c59b172c5011896038353a81343b6754500a08cd7a4973bb48c6d578147", size = 87321, upload-time = "2025-08-11T12:57:51.923Z" },
]

[[package]]
name = "mdurl"
version = "0.1.2"
source = { registry = "https://pypi.org/simple" }
sdist = { url = "https://files.pythonhosted.org/packages/d6/54/cfe61301667036ec958cb99bd3efefba235e65cdeb9c84d24a8293ba1d90/mdurl-0.1.2.tar.gz", hash = "sha256:bb413d29f5eea38f31dd4754dd7377d4465116fb207585f97bf925588687c1ba", size = 8729, upload-time = "2022-08-14T12:40:10.846Z" }
wheels = [
    { url = "https://files.pythonhosted.org/packages/b3/38/89ba8ad64ae25be8de66a6d463314cf1eb366222074cfda9ee839c56a4b4/mdurl-0.1.2-py3-none-any.whl", hash = "sha256:84008a41e51615a49fc9966191ff91509e3c40b939176e643fd50a5c2196b8f8", size = 9979, upload-time = "2022-08-14T12:40:09.779Z" },
]

[[package]]
name = "pygments"
version = "2.19.2"
source = { registry = "https://pypi.org/simple" }
sdist = { url = "https://files.pythonhosted.org/packages/b0/77/a5b8c569bf593b0140bde72ea885a803b82086995367bf2037de0159d924/pygments-2.19.2.tar.gz", hash = "sha256:636cb2477cec7f8952536970bc533bc43743542f70392ae026374600add5b887", size = 4968631, upload-time = "2025-06-21T13:39:12.283Z" }
wheels = [
    { url = "https://files.pythonhosted.org/packages/c7/21/705964c7812476f378728bdf590ca4b771ec72385c533964653c68e86bdc/pygments-2.19.2-py3-none-any.whl", hash = "sha256:86540386c03d588bb81d44bc3928634ff26449851e99741617ecb9037ee5ec0b", size = 1225217, upload-time = "2025-06-21T13:39:07.939Z" },
]

[[package]]
name = "rich"
version = "14.3.2"
source = { registry = "https://pypi.org/simple" }
dependencies = [
    { name = "markdown-it-py" },
    { name = "pygments" },
]
sdist = { url = "https://files.pythonhosted.org/packages/74/99/a4cab2acbb884f80e558b0771e97e21e939c5dfb460f488d19df485e8298/rich-14.3.2.tar.gz", hash = "sha256:e712f11c1a562a11843306f5ed999475f09ac31ffb64281f73ab29ffdda8b3b8", size = 230143, upload-time = "2026-02-01T16:20:47.908Z" }
wheels = [
    { url = "https://files.pythonhosted.org/packages/ef/45/615f5babd880b4bd7d405cc0dc348234c5ffb6ed1ea33e152ede08b2072d/rich-14.3.2-py3-none-any.whl", hash = "sha256:08e67c3e90884651da3239ea668222d19bea7b589149d8014a21c633420dbb69", size = 309963, upload-time = "2026-02-01T16:20:46.078Z" },
]

[[package]]
name = "shellingham"
version = "1.5.4"
source = { registry = "https://pypi.org/simple" }
sdist = { url = "https://files.pythonhosted.org/packages/58/15/8b3609fd3830ef7b27b655beb4b4e9c62313a4e8da8c676e142cc210d58e/shellingham-1.5.4.tar.gz", hash = "sha256:8dbca0739d487e5bd35ab3ca4b36e11c4078f3a234bfce294b0a0291363404de", size = 10310, upload-time = "2023-10-24T04:13:40.426Z" }
wheels = [
    { url = "https://files.pythonhosted.org/packages/e0/f9/0595336914c5619e5f28a1fb793285925a8cd4b432c9da0a987836c7f822/shellingham-1.5.4-py2.py3-none-any.whl", hash = "sha256:7ecfff8f2fd72616f7481040475a65b2bf8af90a56c89140852d1120324e8686", size = 9755, upload-time = "2023-10-24T04:13:38.866Z" },
]

[[package]]
name = "typer"
version = "0.21.1"
source = { registry = "https://pypi.org/simple" }
dependencies = [
    { name = "click" },
    { name = "rich" },
    { name = "shellingham" },
    { name = "typing-extensions" },
]
sdist = { url = "https://files.pythonhosted.org/packages/36/bf/8825b5929afd84d0dabd606c67cd57b8388cb3ec385f7ef19c5cc2202069/typer-0.21.1.tar.gz", hash = "sha256:ea835607cd752343b6b2b7ce676893e5a0324082268b48f27aa058bdb7d2145d", size = 110371, upload-time = "2026-01-06T11:21:10.989Z" }
wheels = [
    { url = "https://files.pythonhosted.org/packages/a0/1d/d9257dd49ff2ca23ea5f132edf1281a0c4f9de8a762b9ae399b670a59235/typer-0.21.1-py3-none-any.whl", hash = "sha256:7985e89081c636b88d172c2ee0cfe33c253160994d47bdfdc302defd7d1f1d01", size = 47381, upload-time = "2026-01-06T11:21:09.824Z" },
]

[[package]]
name = "typing-extensions"
version = "4.15.0"
source = { registry = "https://pypi.org/simple" }
sdist = { url = "https://files.pythonhosted.org/packages/72/94/1a15dd82efb362ac84269196e94cf00f187f7ed21c242792a923cdb1c61f/typing_extensions-4.15.0.tar.gz", hash = "sha256:0cea48d173cc12fa28ecabc3b837ea3cf6f38c6d1136f85cbaaf598984861466", size = 109391, upload-time = "2025-08-25T13:49:26.313Z" }
wheels = [
    { url = "https://files.pythonhosted.org/packages/18/67/36e9267722cc04a6b9f15c7f3441c2363321a3ea07da7ae0c0707beb2a9c/typing_extensions-4.15.0-py3-none-any.whl", hash = "sha256:f0fa19c6845758ab08074a0cfa8b7aecb71c999ca73d62883bc25cc018c4e548", size = 44614, upload-time = "2025-08-25T13:49:24.86Z" },
]
